
Microsoft Visual Studio Solution File, Format Version 12.00
# Visual Studio 14
VisualStudioVersion = 14.0.24720.0
MinimumVisualStudioVersion = 10.0.40219.1
Project("{FAE04EC0-301F-11D3-BF4B-00C04F79EFBC}") = "PandaSocialNetworkInterfaces", "PandaSocialNetworkInterfaces\PandaSocialNetworkInterfaces.csproj", "{BBE3FB1C-DF0F-4CA5-A1F6-F1F82C27D3B2}"
EndProject
Project("{FAE04EC0-301F-11D3-BF4B-00C04F79EFBC}") = "PandaSocialNetwork", "PandaSocialNetwork\PandaSocialNetwork.csproj", "{8837463F-80B6-49FD-BF3B-DD1431B14FE3}"
EndProject
Project("{FAE04EC0-301F-11D3-BF4B-00C04F79EFBC}") = "PandaSocialNetworkApp", "PandaSocialNetworkApp\PandaSocialNetworkApp.csproj", "{EC7A4FBC-1824-4BDC-A80C-06C7D1C0D5AE}"
EndProject
Project("{FAE04EC0-301F-11D3-BF4B-00C04F79EFBC}") = "SocialNetworkJsonStorageProvider", "SocialNetworkJsonStorageProvider\SocialNetworkJsonStorageProvider.csproj", "{CDF8ABC8-DB46-46FF-88A3-1A47DA57C4F8}"
EndProject
Global
	GlobalSection(SolutionConfigurationPlatforms) = preSolution
		Debug|Any CPU = Debug|Any CPU
		Release|Any CPU = Release|Any CPU
	EndGlobalSection
	GlobalSection(ProjectConfigurationPlatforms) = postSolution
		{BBE3FB1C-DF0F-4CA5-A1F6-F1F82C27D3B2}.Debug|Any CPU.ActiveCfg = Debug|Any CPU
		{BBE3FB1C-DF0F-4CA5-A1F6-F1F82C27D3B2}.Debug|Any CPU.Build.0 = Debug|Any CPU
		{BBE3FB1C-DF0F-4CA5-A1F6-F1F82C27D3B2}.Release|Any CPU.ActiveCfg = Release|Any CPU
		{BBE3FB1C-DF0F-4CA5-A1F6-F1F82C27D3B2}.Release|Any CPU.Build.0 = Release|Any CPU
		{8837463F-80B6-49FD-BF3B-DD1431B14FE3}.Debug|Any CPU.ActiveCfg = Debug|Any CPU
		{8837463F-80B6-49FD-BF3B-DD1431B14FE3}.Debug|Any CPU.Build.0 = Debug|Any CPU
		{8837463F-80B6-49FD-BF3B-DD1431B14FE3}.Release|Any CPU.ActiveCfg = Release|Any CPU
		{8837463F-80B6-49FD-BF3B-DD1431B14FE3}.Release|Any CPU.Build.0 = Release|Any CPU
		{EC7A4FBC-1824-4BDC-A80C-06C7D1C0D5AE}.Debug|Any CPU.ActiveCfg = Debug|Any CPU
		{EC7A4FBC-1824-4BDC-A80C-06C7D1C0D5AE}.Debug|Any CPU.Build.0 = Debug|Any CPU
		{EC7A4FBC-1824-4BDC-A80C-06C7D1C0D5AE}.Release|Any CPU.ActiveCfg = Release|Any CPU
		{EC7A4FBC-1824-4BDC-A80C-06C7D1C0D5AE}.Release|Any CPU.Build.0 = Release|Any CPU
		{CDF8ABC8-DB46-46FF-88A3-1A47DA57C4F8}.Debug|Any CPU.ActiveCfg = Debug|Any CPU
		{CDF8ABC8-DB46-46FF-88A3-1A47DA57C4F8}.Debug|Any CPU.Build.0 = Debug|Any CPU
		{CDF8ABC8-DB46-46FF-88A3-1A47DA57C4F8}.Release|Any CPU.ActiveCfg = Release|Any CPU
		{CDF8ABC8-DB46-46FF-88A3-1A47DA57C4F8}.Release|Any CPU.Build.0 = Release|Any CPU
	EndGlobalSection
	GlobalSection(SolutionProperties) = preSolution
		HideSolutionNode = FALSE
	EndGlobalSection
EndGlobal
